
Microsoft Visual Studio Solution File, Format Version 12.00
# Visual Studio Version 16
VisualStudioVersion = 16.0.30114.105
MinimumVisualStudioVersion = 10.0.40219.1
Project("{FAE04EC0-301F-11D3-BF4B-00C04F79EFBC}") = "Conditionals", "Conditionals\Conditionals.csproj", "{CC8240E1-E864-44A3-B16A-DF4FE33636CE}"
EndProject
Global
	GlobalSection(SolutionConfigurationPlatforms) = preSolution
		Debug|Any CPU = Debug|Any CPU
		Release|Any CPU = Release|Any CPU
	EndGlobalSection
	GlobalSection(ProjectConfigurationPlatforms) = postSolution
		{CC8240E1-E864-44A3-B16A-DF4FE33636CE}.Debug|Any CPU.ActiveCfg = Debug|Any CPU
		{CC8240E1-E864-44A3-B16A-DF4FE33636CE}.Debug|Any CPU.Build.0 = Debug|Any CPU
		{CC8240E1-E864-44A3-B16A-DF4FE33636CE}.Release|Any CPU.ActiveCfg = Release|Any CPU
		{CC8240E1-E864-44A3-B16A-DF4FE33636CE}.Release|Any CPU.Build.0 = Release|Any CPU
	EndGlobalSection
	GlobalSection(SolutionProperties) = preSolution
		HideSolutionNode = FALSE
	EndGlobalSection
	GlobalSection(ExtensibilityGlobals) = postSolution
		SolutionGuid = {74625301-A5EC-4C15-89B5-A3952B0AF52A}
	EndGlobalSection
EndGlobal
